// !$*UTF8*$!
{
	archiveVersion = 1;
	classes = {
	};
	objectVersion = 51;
	objects = {

/* Begin PBXBuildFile section */
		050A433BE915007AEDB03CB1 /* Pods_Instagram.framework in Frameworks */ = {isa = PBXBuildFile; fileRef = E6F64AC9823F1C7334839D25 /* Pods_Instagram.framework */; };
		3C3390FB3F111D318E780F2C /* Pods_Instagram_InstagramUITests.framework in Frameworks */ = {isa = PBXBuildFile; fileRef = 84B9CAE9414082CED7E571EF /* Pods_Instagram_InstagramUITests.framework */; };
		409FCEA72AC9B881A5031396 /* Pods_InstagramTests.framework in Frameworks */ = {isa = PBXBuildFile; fileRef = 064F7986950A3576BA84B19B /* Pods_InstagramTests.framework */; };
		8D2CE85B24B3D778000400EE /* AppDelegate.m in Sources */ = {isa = PBXBuildFile; fileRef = 8D2CE85A24B3D778000400EE /* AppDelegate.m */; };
		8D2CE85E24B3D778000400EE /* SceneDelegate.m in Sources */ = {isa = PBXBuildFile; fileRef = 8D2CE85D24B3D778000400EE /* SceneDelegate.m */; };
		8D2CE86424B3D778000400EE /* Main.storyboard in Resources */ = {isa = PBXBuildFile; fileRef = 8D2CE86224B3D778000400EE /* Main.storyboard */; };
		8D2CE86624B3D778000400EE /* Assets.xcassets in Resources */ = {isa = PBXBuildFile; fileRef = 8D2CE86524B3D778000400EE /* Assets.xcassets */; };
		8D2CE86924B3D778000400EE /* LaunchScreen.storyboard in Resources */ = {isa = PBXBuildFile; fileRef = 8D2CE86724B3D778000400EE /* LaunchScreen.storyboard */; };
		8D2CE86C24B3D778000400EE /* main.m in Sources */ = {isa = PBXBuildFile; fileRef = 8D2CE86B24B3D778000400EE /* main.m */; };
		8D2CE87624B3D778000400EE /* InstagramTests.m in Sources */ = {isa = PBXBuildFile; fileRef = 8D2CE87524B3D778000400EE /* InstagramTests.m */; };
		8D2CE88124B3D778000400EE /* InstagramUITests.m in Sources */ = {isa = PBXBuildFile; fileRef = 8D2CE88024B3D778000400EE /* InstagramUITests.m */; };
		8D2CE89024B3E5D9000400EE /* LoginViewController.m in Sources */ = {isa = PBXBuildFile; fileRef = 8D2CE88F24B3E5D9000400EE /* LoginViewController.m */; };
		8D2CE89724B4EF1E000400EE /* TimelineViewController.m in Sources */ = {isa = PBXBuildFile; fileRef = 8D2CE89624B4EF1E000400EE /* TimelineViewController.m */; };
		8DAE235224B66AA400302EF2 /* ComposeViewController.m in Sources */ = {isa = PBXBuildFile; fileRef = 8DAE235124B66AA400302EF2 /* ComposeViewController.m */; };
		8DAE235524B76E3B00302EF2 /* Post.m in Sources */ = {isa = PBXBuildFile; fileRef = 8DAE235424B76E3B00302EF2 /* Post.m */; };
		8DAE235824B7BA8B00302EF2 /* PostCell.m in Sources */ = {isa = PBXBuildFile; fileRef = 8DAE235724B7BA8B00302EF2 /* PostCell.m */; };
		8DAE235E24B7D58B00302EF2 /* DetailsViewController.m in Sources */ = {isa = PBXBuildFile; fileRef = 8DAE235D24B7D58B00302EF2 /* DetailsViewController.m */; };
/* End PBXBuildFile section */

/* Begin PBXContainerItemProxy section */
		8D2CE87224B3D778000400EE /* PBXContainerItemProxy */ = {
			isa = PBXContainerItemProxy;
			containerPortal = 8D2CE84E24B3D778000400EE /* Project object */;
			proxyType = 1;
			remoteGlobalIDString = 8D2CE85524B3D778000400EE;
			remoteInfo = Instagram;
		};
		8D2CE87D24B3D778000400EE /* PBXContainerItemProxy */ = {
			isa = PBXContainerItemProxy;
			containerPortal = 8D2CE84E24B3D778000400EE /* Project object */;
			proxyType = 1;
			remoteGlobalIDString = 8D2CE85524B3D778000400EE;
			remoteInfo = Instagram;
		};
/* End PBXContainerItemProxy section */

/* Begin PBXFileReference section */
		064F7986950A3576BA84B19B /* Pods_InstagramTests.framework */ = {isa = PBXFileReference; explicitFileType = wrapper.framework; includeInIndex = 0; path = Pods_InstagramTests.framework; sourceTree = BUILT_PRODUCTS_DIR; };
		23E0368AC06BB6D87D3A7699 /* Pods-Instagram-InstagramUITests.release.xcconfig */ = {isa = PBXFileReference; includeInIndex = 1; lastKnownFileType = text.xcconfig; name = "Pods-Instagram-InstagramUITests.release.xcconfig"; path = "Target Support Files/Pods-Instagram-InstagramUITests/Pods-Instagram-InstagramUITests.release.xcconfig"; sourceTree = "<group>"; };
		477A80E59269EAA115ED8557 /* Pods-InstagramTests.debug.xcconfig */ = {isa = PBXFileReference; includeInIndex = 1; lastKnownFileType = text.xcconfig; name = "Pods-InstagramTests.debug.xcconfig"; path = "Target Support Files/Pods-InstagramTests/Pods-InstagramTests.debug.xcconfig"; sourceTree = "<group>"; };
		6FCAF22A6EAEB3ECEF14AD88 /* Pods-Instagram-InstagramUITests.debug.xcconfig */ = {isa = PBXFileReference; includeInIndex = 1; lastKnownFileType = text.xcconfig; name = "Pods-Instagram-InstagramUITests.debug.xcconfig"; path = "Target Support Files/Pods-Instagram-InstagramUITests/Pods-Instagram-InstagramUITests.debug.xcconfig"; sourceTree = "<group>"; };
		84B9CAE9414082CED7E571EF /* Pods_Instagram_InstagramUITests.framework */ = {isa = PBXFileReference; explicitFileType = wrapper.framework; includeInIndex = 0; path = Pods_Instagram_InstagramUITests.framework; sourceTree = BUILT_PRODUCTS_DIR; };
		8D2CE85624B3D778000400EE /* Instagram.app */ = {isa = PBXFileReference; explicitFileType = wrapper.application; includeInIndex = 0; path = Instagram.app; sourceTree = BUILT_PRODUCTS_DIR; };
		8D2CE85924B3D778000400EE /* AppDelegate.h */ = {isa = PBXFileReference; lastKnownFileType = sourcecode.c.h; path = AppDelegate.h; sourceTree = "<group>"; };
		8D2CE85A24B3D778000400EE /* AppDelegate.m */ = {isa = PBXFileReference; lastKnownFileType = sourcecode.c.objc; path = AppDelegate.m; sourceTree = "<group>"; };
		8D2CE85C24B3D778000400EE /* SceneDelegate.h */ = {isa = PBXFileReference; lastKnownFileType = sourcecode.c.h; path = SceneDelegate.h; sourceTree = "<group>"; };
		8D2CE85D24B3D778000400EE /* SceneDelegate.m */ = {isa = PBXFileReference; lastKnownFileType = sourcecode.c.objc; path = SceneDelegate.m; sourceTree = "<group>"; };
		8D2CE86324B3D778000400EE /* Base */ = {isa = PBXFileReference; lastKnownFileType = file.storyboard; name = Base; path = Base.lproj/Main.storyboard; sourceTree = "<group>"; };
		8D2CE86524B3D778000400EE /* Assets.xcassets */ = {isa = PBXFileReference; lastKnownFileType = folder.assetcatalog; path = Assets.xcassets; sourceTree = "<group>"; };
		8D2CE86824B3D778000400EE /* Base */ = {isa = PBXFileReference; lastKnownFileType = file.storyboard; name = Base; path = Base.lproj/LaunchScreen.storyboard; sourceTree = "<group>"; };
		8D2CE86A24B3D778000400EE /* Info.plist */ = {isa = PBXFileReference; lastKnownFileType = text.plist.xml; path = Info.plist; sourceTree = "<group>"; };
		8D2CE86B24B3D778000400EE /* main.m */ = {isa = PBXFileReference; lastKnownFileType = sourcecode.c.objc; path = main.m; sourceTree = "<group>"; };
		8D2CE87124B3D778000400EE /* InstagramTests.xctest */ = {isa = PBXFileReference; explicitFileType = wrapper.cfbundle; includeInIndex = 0; path = InstagramTests.xctest; sourceTree = BUILT_PRODUCTS_DIR; };
		8D2CE87524B3D778000400EE /* InstagramTests.m */ = {isa = PBXFileReference; lastKnownFileType = sourcecode.c.objc; path = InstagramTests.m; sourceTree = "<group>"; };
		8D2CE87724B3D778000400EE /* Info.plist */ = {isa = PBXFileReference; lastKnownFileType = text.plist.xml; path = Info.plist; sourceTree = "<group>"; };
		8D2CE87C24B3D778000400EE /* InstagramUITests.xctest */ = {isa = PBXFileReference; explicitFileType = wrapper.cfbundle; includeInIndex = 0; path = InstagramUITests.xctest; sourceTree = BUILT_PRODUCTS_DIR; };
		8D2CE88024B3D778000400EE /* InstagramUITests.m */ = {isa = PBXFileReference; lastKnownFileType = sourcecode.c.objc; path = InstagramUITests.m; sourceTree = "<group>"; };
		8D2CE88224B3D778000400EE /* Info.plist */ = {isa = PBXFileReference; lastKnownFileType = text.plist.xml; path = Info.plist; sourceTree = "<group>"; };
		8D2CE88E24B3E5D9000400EE /* LoginViewController.h */ = {isa = PBXFileReference; lastKnownFileType = sourcecode.c.h; path = LoginViewController.h; sourceTree = "<group>"; };
		8D2CE88F24B3E5D9000400EE /* LoginViewController.m */ = {isa = PBXFileReference; lastKnownFileType = sourcecode.c.objc; path = LoginViewController.m; sourceTree = "<group>"; };
		8D2CE89524B4EF1E000400EE /* TimelineViewController.h */ = {isa = PBXFileReference; lastKnownFileType = sourcecode.c.h; path = TimelineViewController.h; sourceTree = "<group>"; };
		8D2CE89624B4EF1E000400EE /* TimelineViewController.m */ = {isa = PBXFileReference; lastKnownFileType = sourcecode.c.objc; path = TimelineViewController.m; sourceTree = "<group>"; };
		8DAE235024B66AA400302EF2 /* ComposeViewController.h */ = {isa = PBXFileReference; lastKnownFileType = sourcecode.c.h; path = ComposeViewController.h; sourceTree = "<group>"; };
		8DAE235124B66AA400302EF2 /* ComposeViewController.m */ = {isa = PBXFileReference; lastKnownFileType = sourcecode.c.objc; path = ComposeViewController.m; sourceTree = "<group>"; };
		8DAE235324B76E3B00302EF2 /* Post.h */ = {isa = PBXFileReference; lastKnownFileType = sourcecode.c.h; path = Post.h; sourceTree = "<group>"; };
		8DAE235424B76E3B00302EF2 /* Post.m */ = {isa = PBXFileReference; lastKnownFileType = sourcecode.c.objc; path = Post.m; sourceTree = "<group>"; };
		8DAE235624B7BA8B00302EF2 /* PostCell.h */ = {isa = PBXFileReference; lastKnownFileType = sourcecode.c.h; path = PostCell.h; sourceTree = "<group>"; };
		8DAE235724B7BA8B00302EF2 /* PostCell.m */ = {isa = PBXFileReference; lastKnownFileType = sourcecode.c.objc; path = PostCell.m; sourceTree = "<group>"; };
		8DAE235C24B7D58B00302EF2 /* DetailsViewController.h */ = {isa = PBXFileReference; lastKnownFileType = sourcecode.c.h; path = DetailsViewController.h; sourceTree = "<group>"; };
		8DAE235D24B7D58B00302EF2 /* DetailsViewController.m */ = {isa = PBXFileReference; lastKnownFileType = sourcecode.c.objc; path = DetailsViewController.m; sourceTree = "<group>"; };
		A6AFEB3ACA9626FCD6F9ADA2 /* Pods-Instagram.release.xcconfig */ = {isa = PBXFileReference; includeInIndex = 1; lastKnownFileType = text.xcconfig; name = "Pods-Instagram.release.xcconfig"; path = "Target Support Files/Pods-Instagram/Pods-Instagram.release.xcconfig"; sourceTree = "<group>"; };
		BEE25DE4694EA19D2457ED84 /* Pods-Instagram.debug.xcconfig */ = {isa = PBXFileReference; includeInIndex = 1; lastKnownFileType = text.xcconfig; name = "Pods-Instagram.debug.xcconfig"; path = "Target Support Files/Pods-Instagram/Pods-Instagram.debug.xcconfig"; sourceTree = "<group>"; };
		E629C75BAB804FA94319BB3E /* Pods-InstagramTests.release.xcconfig */ = {isa = PBXFileReference; includeInIndex = 1; lastKnownFileType = text.xcconfig; name = "Pods-InstagramTests.release.xcconfig"; path = "Target Support Files/Pods-InstagramTests/Pods-InstagramTests.release.xcconfig"; sourceTree = "<group>"; };
		E6F64AC9823F1C7334839D25 /* Pods_Instagram.framework */ = {isa = PBXFileReference; explicitFileType = wrapper.framework; includeInIndex = 0; path = Pods_Instagram.framework; sourceTree = BUILT_PRODUCTS_DIR; };
/* End PBXFileReference section */

/* Begin PBXFrameworksBuildPhase section */
		8D2CE85324B3D778000400EE /* Frameworks */ = {
			isa = PBXFrameworksBuildPhase;
			buildActionMask = 2147483647;
			files = (
				050A433BE915007AEDB03CB1 /* Pods_Instagram.framework in Frameworks */,
			);
			runOnlyForDeploymentPostprocessing = 0;
		};
		8D2CE86E24B3D778000400EE /* Frameworks */ = {
			isa = PBXFrameworksBuildPhase;
			buildActionMask = 2147483647;
			files = (
				409FCEA72AC9B881A5031396 /* Pods_InstagramTests.framework in Frameworks */,
			);
			runOnlyForDeploymentPostprocessing = 0;
		};
		8D2CE87924B3D778000400EE /* Frameworks */ = {
			isa = PBXFrameworksBuildPhase;
			buildActionMask = 2147483647;
			files = (
				3C3390FB3F111D318E780F2C /* Pods_Instagram_InstagramUITests.framework in Frameworks */,
			);
			runOnlyForDeploymentPostprocessing = 0;
		};
/* End PBXFrameworksBuildPhase section */

/* Begin PBXGroup section */
		8D2CE84D24B3D778000400EE = {
			isa = PBXGroup;
			children = (
				8D2CE85824B3D778000400EE /* Instagram */,
				8D2CE87424B3D778000400EE /* InstagramTests */,
				8D2CE87F24B3D778000400EE /* InstagramUITests */,
				8D2CE85724B3D778000400EE /* Products */,
				EB598CBE61D49FACCF3E1F9F /* Pods */,
				E7454DAB10652CDCE2C91852 /* Frameworks */,
			);
			sourceTree = "<group>";
		};
		8D2CE85724B3D778000400EE /* Products */ = {
			isa = PBXGroup;
			children = (
				8D2CE85624B3D778000400EE /* Instagram.app */,
				8D2CE87124B3D778000400EE /* InstagramTests.xctest */,
				8D2CE87C24B3D778000400EE /* InstagramUITests.xctest */,
			);
			name = Products;
			sourceTree = "<group>";
		};
		8D2CE85824B3D778000400EE /* Instagram */ = {
			isa = PBXGroup;
			children = (
				8DAE234C24B663E000302EF2 /* Models */,
				8D2CE89124B3E7C6000400EE /* View Contollers */,
				8D2CE85924B3D778000400EE /* AppDelegate.h */,
				8D2CE85A24B3D778000400EE /* AppDelegate.m */,
				8D2CE85C24B3D778000400EE /* SceneDelegate.h */,
				8D2CE85D24B3D778000400EE /* SceneDelegate.m */,
				8D2CE86224B3D778000400EE /* Main.storyboard */,
				8D2CE86524B3D778000400EE /* Assets.xcassets */,
				8D2CE86724B3D778000400EE /* LaunchScreen.storyboard */,
				8D2CE86A24B3D778000400EE /* Info.plist */,
				8D2CE86B24B3D778000400EE /* main.m */,
			);
			path = Instagram;
			sourceTree = "<group>";
		};
		8D2CE87424B3D778000400EE /* InstagramTests */ = {
			isa = PBXGroup;
			children = (
				8D2CE87524B3D778000400EE /* InstagramTests.m */,
				8D2CE87724B3D778000400EE /* Info.plist */,
			);
			path = InstagramTests;
			sourceTree = "<group>";
		};
		8D2CE87F24B3D778000400EE /* InstagramUITests */ = {
			isa = PBXGroup;
			children = (
				8D2CE88024B3D778000400EE /* InstagramUITests.m */,
				8D2CE88224B3D778000400EE /* Info.plist */,
			);
			path = InstagramUITests;
			sourceTree = "<group>";
		};
		8D2CE89124B3E7C6000400EE /* View Contollers */ = {
			isa = PBXGroup;
			children = (
				8D2CE88E24B3E5D9000400EE /* LoginViewController.h */,
				8D2CE88F24B3E5D9000400EE /* LoginViewController.m */,
				8D2CE89524B4EF1E000400EE /* TimelineViewController.h */,
				8D2CE89624B4EF1E000400EE /* TimelineViewController.m */,
				8DAE235024B66AA400302EF2 /* ComposeViewController.h */,
				8DAE235124B66AA400302EF2 /* ComposeViewController.m */,
				8DAE235C24B7D58B00302EF2 /* DetailsViewController.h */,
				8DAE235D24B7D58B00302EF2 /* DetailsViewController.m */,
			);
			path = "View Contollers";
			sourceTree = "<group>";
		};
		8DAE234C24B663E000302EF2 /* Models */ = {
			isa = PBXGroup;
			children = (
				8DAE235324B76E3B00302EF2 /* Post.h */,
				8DAE235424B76E3B00302EF2 /* Post.m */,
				8DAE235624B7BA8B00302EF2 /* PostCell.h */,
				8DAE235724B7BA8B00302EF2 /* PostCell.m */,
			);
			path = Models;
			sourceTree = "<group>";
		};
		E7454DAB10652CDCE2C91852 /* Frameworks */ = {
			isa = PBXGroup;
			children = (
				E6F64AC9823F1C7334839D25 /* Pods_Instagram.framework */,
				84B9CAE9414082CED7E571EF /* Pods_Instagram_InstagramUITests.framework */,
				064F7986950A3576BA84B19B /* Pods_InstagramTests.framework */,
			);
			name = Frameworks;
			sourceTree = "<group>";
		};
		EB598CBE61D49FACCF3E1F9F /* Pods */ = {
			isa = PBXGroup;
			children = (
				BEE25DE4694EA19D2457ED84 /* Pods-Instagram.debug.xcconfig */,
				A6AFEB3ACA9626FCD6F9ADA2 /* Pods-Instagram.release.xcconfig */,
				6FCAF22A6EAEB3ECEF14AD88 /* Pods-Instagram-InstagramUITests.debug.xcconfig */,
				23E0368AC06BB6D87D3A7699 /* Pods-Instagram-InstagramUITests.release.xcconfig */,
				477A80E59269EAA115ED8557 /* Pods-InstagramTests.debug.xcconfig */,
				E629C75BAB804FA94319BB3E /* Pods-InstagramTests.release.xcconfig */,
			);
			path = Pods;
			sourceTree = "<group>";
		};
/* End PBXGroup section */

/* Begin PBXNativeTarget section */
		8D2CE85524B3D778000400EE /* Instagram */ = {
			isa = PBXNativeTarget;
			buildConfigurationList = 8D2CE88524B3D778000400EE /* Build configuration list for PBXNativeTarget "Instagram" */;
			buildPhases = (
				6B1A3D2C0234173BF3EA485D /* [CP] Check Pods Manifest.lock */,
				8D2CE85224B3D778000400EE /* Sources */,
				8D2CE85324B3D778000400EE /* Frameworks */,
				8D2CE85424B3D778000400EE /* Resources */,
				CF92A7BB1B145AAF9A76EF9B /* [CP] Embed Pods Frameworks */,
			);
			buildRules = (
			);
			dependencies = (
			);
			name = Instagram;
			productName = Instagram;
			productReference = 8D2CE85624B3D778000400EE /* Instagram.app */;
			productType = "com.apple.product-type.application";
		};
		8D2CE87024B3D778000400EE /* InstagramTests */ = {
			isa = PBXNativeTarget;
			buildConfigurationList = 8D2CE88824B3D778000400EE /* Build configuration list for PBXNativeTarget "InstagramTests" */;
			buildPhases = (
				6C1873F54C9B9B21EF336482 /* [CP] Check Pods Manifest.lock */,
				8D2CE86D24B3D778000400EE /* Sources */,
				8D2CE86E24B3D778000400EE /* Frameworks */,
				8D2CE86F24B3D778000400EE /* Resources */,
			);
			buildRules = (
			);
			dependencies = (
				8D2CE87324B3D778000400EE /* PBXTargetDependency */,
			);
			name = InstagramTests;
			productName = InstagramTests;
			productReference = 8D2CE87124B3D778000400EE /* InstagramTests.xctest */;
			productType = "com.apple.product-type.bundle.unit-test";
		};
		8D2CE87B24B3D778000400EE /* InstagramUITests */ = {
			isa = PBXNativeTarget;
			buildConfigurationList = 8D2CE88B24B3D778000400EE /* Build configuration list for PBXNativeTarget "InstagramUITests" */;
			buildPhases = (
				29D2C20DE591754932229CFC /* [CP] Check Pods Manifest.lock */,
				8D2CE87824B3D778000400EE /* Sources */,
				8D2CE87924B3D778000400EE /* Frameworks */,
				8D2CE87A24B3D778000400EE /* Resources */,
				65FD6CE1C9C27FF2F5AB4753 /* [CP] Embed Pods Frameworks */,
			);
			buildRules = (
			);
			dependencies = (
				8D2CE87E24B3D778000400EE /* PBXTargetDependency */,
			);
			name = InstagramUITests;
			productName = InstagramUITests;
			productReference = 8D2CE87C24B3D778000400EE /* InstagramUITests.xctest */;
			productType = "com.apple.product-type.bundle.ui-testing";
		};
/* End PBXNativeTarget section */

/* Begin PBXProject section */
		8D2CE84E24B3D778000400EE /* Project object */ = {
			isa = PBXProject;
			attributes = {
				LastUpgradeCheck = 1150;
				ORGANIZATIONNAME = ssantoyo;
				TargetAttributes = {
					8D2CE85524B3D778000400EE = {
						CreatedOnToolsVersion = 11.5;
					};
					8D2CE87024B3D778000400EE = {
						CreatedOnToolsVersion = 11.5;
						TestTargetID = 8D2CE85524B3D778000400EE;
					};
					8D2CE87B24B3D778000400EE = {
						CreatedOnToolsVersion = 11.5;
						TestTargetID = 8D2CE85524B3D778000400EE;
					};
				};
			};
			buildConfigurationList = 8D2CE85124B3D778000400EE /* Build configuration list for PBXProject "Instagram" */;
			compatibilityVersion = "Xcode 9.3";
			developmentRegion = en;
			hasScannedForEncodings = 0;
			knownRegions = (
				en,
				Base,
			);
			mainGroup = 8D2CE84D24B3D778000400EE;
			productRefGroup = 8D2CE85724B3D778000400EE /* Products */;
			projectDirPath = "";
			projectRoot = "";
			targets = (
				8D2CE85524B3D778000400EE /* Instagram */,
				8D2CE87024B3D778000400EE /* InstagramTests */,
				8D2CE87B24B3D778000400EE /* InstagramUITests */,
			);
		};
/* End PBXProject section */

/* Begin PBXResourcesBuildPhase section */
		8D2CE85424B3D778000400EE /* Resources */ = {
			isa = PBXResourcesBuildPhase;
			buildActionMask = 2147483647;
			files = (
				8D2CE86924B3D778000400EE /* LaunchScreen.storyboard in Resources */,
				8D2CE86624B3D778000400EE /* Assets.xcassets in Resources */,
				8D2CE86424B3D778000400EE /* Main.storyboard in Resources */,
			);
			runOnlyForDeploymentPostprocessing = 0;
		};
		8D2CE86F24B3D778000400EE /* Resources */ = {
			isa = PBXResourcesBuildPhase;
			buildActionMask = 2147483647;
			files = (
			);
			runOnlyForDeploymentPostprocessing = 0;
		};
		8D2CE87A24B3D778000400EE /* Resources */ = {
			isa = PBXResourcesBuildPhase;
			buildActionMask = 2147483647;
			files = (
			);
			runOnlyForDeploymentPostprocessing = 0;
		};
/* End PBXResourcesBuildPhase section */

/* Begin PBXShellScriptBuildPhase section */
		29D2C20DE591754932229CFC /* [CP] Check Pods Manifest.lock */ = {
			isa = PBXShellScriptBuildPhase;
			buildActionMask = 2147483647;
			files = (
			);
			inputFileListPaths = (
			);
			inputPaths = (
				"${PODS_PODFILE_DIR_PATH}/Podfile.lock",
				"${PODS_ROOT}/Manifest.lock",
			);
			name = "[CP] Check Pods Manifest.lock";
			outputFileListPaths = (
			);
			outputPaths = (
				"$(DERIVED_FILE_DIR)/Pods-Instagram-InstagramUITests-checkManifestLockResult.txt",
			);
			runOnlyForDeploymentPostprocessing = 0;
			shellPath = /bin/sh;
			shellScript = "diff \"${PODS_PODFILE_DIR_PATH}/Podfile.lock\" \"${PODS_ROOT}/Manifest.lock\" > /dev/null\nif [ $? != 0 ] ; then\n    # print error to STDERR\n    echo \"error: The sandbox is not in sync with the Podfile.lock. Run 'pod install' or update your CocoaPods installation.\" >&2\n    exit 1\nfi\n# This output is used by Xcode 'outputs' to avoid re-running this script phase.\necho \"SUCCESS\" > \"${SCRIPT_OUTPUT_FILE_0}\"\n";
			showEnvVarsInLog = 0;
		};
		65FD6CE1C9C27FF2F5AB4753 /* [CP] Embed Pods Frameworks */ = {
			isa = PBXShellScriptBuildPhase;
			buildActionMask = 2147483647;
			files = (
			);
			inputFileListPaths = (
				"${PODS_ROOT}/Target Support Files/Pods-Instagram-InstagramUITests/Pods-Instagram-InstagramUITests-frameworks-${CONFIGURATION}-input-files.xcfilelist",
			);
			name = "[CP] Embed Pods Frameworks";
			outputFileListPaths = (
				"${PODS_ROOT}/Target Support Files/Pods-Instagram-InstagramUITests/Pods-Instagram-InstagramUITests-frameworks-${CONFIGURATION}-output-files.xcfilelist",
			);
			runOnlyForDeploymentPostprocessing = 0;
			shellPath = /bin/sh;
			shellScript = "\"${PODS_ROOT}/Target Support Files/Pods-Instagram-InstagramUITests/Pods-Instagram-InstagramUITests-frameworks.sh\"\n";
			showEnvVarsInLog = 0;
		};
		6B1A3D2C0234173BF3EA485D /* [CP] Check Pods Manifest.lock */ = {
			isa = PBXShellScriptBuildPhase;
			buildActionMask = 2147483647;
			files = (
			);
			inputFileListPaths = (
			);
			inputPaths = (
				"${PODS_PODFILE_DIR_PATH}/Podfile.lock",
				"${PODS_ROOT}/Manifest.lock",
			);
			name = "[CP] Check Pods Manifest.lock";
			outputFileListPaths = (
			);
			outputPaths = (
				"$(DERIVED_FILE_DIR)/Pods-Instagram-checkManifestLockResult.txt",
			);
			runOnlyForDeploymentPostprocessing = 0;
			shellPath = /bin/sh;
			shellScript = "diff \"${PODS_PODFILE_DIR_PATH}/Podfile.lock\" \"${PODS_ROOT}/Manifest.lock\" > /dev/null\nif [ $? != 0 ] ; then\n    # print error to STDERR\n    echo \"error: The sandbox is not in sync with the Podfile.lock. Run 'pod install' or update your CocoaPods installation.\" >&2\n    exit 1\nfi\n# This output is used by Xcode 'outputs' to avoid re-running this script phase.\necho \"SUCCESS\" > \"${SCRIPT_OUTPUT_FILE_0}\"\n";
			showEnvVarsInLog = 0;
		};
		6C1873F54C9B9B21EF336482 /* [CP] Check Pods Manifest.lock */ = {
			isa = PBXShellScriptBuildPhase;
			buildActionMask = 2147483647;
			files = (
			);
			inputFileListPaths = (
			);
			inputPaths = (
				"${PODS_PODFILE_DIR_PATH}/Podfile.lock",
				"${PODS_ROOT}/Manifest.lock",
			);
			name = "[CP] Check Pods Manifest.lock";
			outputFileListPaths = (
			);
			outputPaths = (
				"$(DERIVED_FILE_DIR)/Pods-InstagramTests-checkManifestLockResult.txt",
			);
			runOnlyForDeploymentPostprocessing = 0;
			shellPath = /bin/sh;
			shellScript = "diff \"${PODS_PODFILE_DIR_PATH}/Podfile.lock\" \"${PODS_ROOT}/Manifest.lock\" > /dev/null\nif [ $? != 0 ] ; then\n    # print error to STDERR\n    echo \"error: The sandbox is not in sync with the Podfile.lock. Run 'pod install' or update your CocoaPods installation.\" >&2\n    exit 1\nfi\n# This output is used by Xcode 'outputs' to avoid re-running this script phase.\necho \"SUCCESS\" > \"${SCRIPT_OUTPUT_FILE_0}\"\n";
			showEnvVarsInLog = 0;
		};
		CF92A7BB1B145AAF9A76EF9B /* [CP] Embed Pods Frameworks */ = {
			isa = PBXShellScriptBuildPhase;
			buildActionMask = 2147483647;
			files = (
			);
			inputFileListPaths = (
				"${PODS_ROOT}/Target Support Files/Pods-Instagram/Pods-Instagram-frameworks-${CONFIGURATION}-input-files.xcfilelist",
			);
			name = "[CP] Embed Pods Frameworks";
			outputFileListPaths = (
				"${PODS_ROOT}/Target Support Files/Pods-Instagram/Pods-Instagram-frameworks-${CONFIGURATION}-output-files.xcfilelist",
			);
			runOnlyForDeploymentPostprocessing = 0;
			shellPath = /bin/sh;
			shellScript = "\"${PODS_ROOT}/Target Support Files/Pods-Instagram/Pods-Instagram-frameworks.sh\"\n";
			showEnvVarsInLog = 0;
		};
/* End PBXShellScriptBuildPhase section */

/* Begin PBXSourcesBuildPhase section */
		8D2CE85224B3D778000400EE /* Sources */ = {
			isa = PBXSourcesBuildPhase;
			buildActionMask = 2147483647;
			files = (
				8D2CE85B24B3D778000400EE /* AppDelegate.m in Sources */,
				8D2CE86C24B3D778000400EE /* main.m in Sources */,
				8D2CE85E24B3D778000400EE /* SceneDelegate.m in Sources */,
				8DAE235824B7BA8B00302EF2 /* PostCell.m in Sources */,
				8D2CE89024B3E5D9000400EE /* LoginViewController.m in Sources */,
				8DAE235224B66AA400302EF2 /* ComposeViewController.m in Sources */,
				8DAE235E24B7D58B00302EF2 /* DetailsViewController.m in Sources */,
				8D2CE89724B4EF1E000400EE /* TimelineViewController.m in Sources */,
				8DAE235524B76E3B00302EF2 /* Post.m in Sources */,
			);
			runOnlyForDeploymentPostprocessing = 0;
		};
		8D2CE86D24B3D778000400EE /* Sources */ = {
			isa = PBXSourcesBuildPhase;
			buildActionMask = 2147483647;
			files = (
				8D2CE87624B3D778000400EE /* InstagramTests.m in Sources */,
			);
			runOnlyForDeploymentPostprocessing = 0;
		};
		8D2CE87824B3D778000400EE /* Sources */ = {
			isa = PBXSourcesBuildPhase;
			buildActionMask = 2147483647;
			files = (
				8D2CE88124B3D778000400EE /* InstagramUITests.m in Sources */,
			);
			runOnlyForDeploymentPostprocessing = 0;
		};
/* End PBXSourcesBuildPhase section */

/* Begin PBXTargetDependency section */
		8D2CE87324B3D778000400EE /* PBXTargetDependency */ = {
			isa = PBXTargetDependency;
			target = 8D2CE85524B3D778000400EE /* Instagram */;
			targetProxy = 8D2CE87224B3D778000400EE /* PBXContainerItemProxy */;
		};
		8D2CE87E24B3D778000400EE /* PBXTargetDependency */ = {
			isa = PBXTargetDependency;
			target = 8D2CE85524B3D778000400EE /* Instagram */;
			targetProxy = 8D2CE87D24B3D778000400EE /* PBXContainerItemProxy */;
		};
/* End PBXTargetDependency section */

/* Begin PBXVariantGroup section */
		8D2CE86224B3D778000400EE /* Main.storyboard */ = {
			isa = PBXVariantGroup;
			children = (
				8D2CE86324B3D778000400EE /* Base */,
			);
			name = Main.storyboard;
			sourceTree = "<group>";
		};
		8D2CE86724B3D778000400EE /* LaunchScreen.storyboard */ = {
			isa = PBXVariantGroup;
			children = (
				8D2CE86824B3D778000400EE /* Base */,
			);
			name = LaunchScreen.storyboard;
			sourceTree = "<group>";
		};
/* End PBXVariantGroup section */

/* Begin XCBuildConfiguration section */
		8D2CE88324B3D778000400EE /* Debug */ = {
			isa = XCBuildConfiguration;
			buildSettings = {
				ALWAYS_SEARCH_USER_PATHS = NO;
				CLANG_ANALYZER_NONNULL = YES;
				CLANG_ANALYZER_NUMBER_OBJECT_CONVERSION = YES_AGGRESSIVE;
				CLANG_CXX_LANGUAGE_STANDARD = "gnu++14";
				CLANG_CXX_LIBRARY = "libc++";
				CLANG_ENABLE_MODULES = YES;
				CLANG_ENABLE_OBJC_ARC = YES;
				CLANG_ENABLE_OBJC_WEAK = YES;
				CLANG_WARN_BLOCK_CAPTURE_AUTORELEASING = YES;
				CLANG_WARN_BOOL_CONVERSION = YES;
				CLANG_WARN_COMMA = YES;
				CLANG_WARN_CONSTANT_CONVERSION = YES;
				CLANG_WARN_DEPRECATED_OBJC_IMPLEMENTATIONS = YES;
				CLANG_WARN_DIRECT_OBJC_ISA_USAGE = YES_ERROR;
				CLANG_WARN_DOCUMENTATION_COMMENTS = YES;
				CLANG_WARN_EMPTY_BODY = YES;
				CLANG_WARN_ENUM_CONVERSION = YES;
				CLANG_WARN_INFINITE_RECURSION = YES;
				CLANG_WARN_INT_CONVERSION = YES;
				CLANG_WARN_NON_LITERAL_NULL_CONVERSION = YES;
				CLANG_WARN_OBJC_IMPLICIT_RETAIN_SELF = YES;
				CLANG_WARN_OBJC_LITERAL_CONVERSION = YES;
				CLANG_WARN_OBJC_ROOT_CLASS = YES_ERROR;
				CLANG_WARN_RANGE_LOOP_ANALYSIS = YES;
				CLANG_WARN_STRICT_PROTOTYPES = YES;
				CLANG_WARN_SUSPICIOUS_MOVE = YES;
				CLANG_WARN_UNGUARDED_AVAILABILITY = YES_AGGRESSIVE;
				CLANG_WARN_UNREACHABLE_CODE = YES;
				CLANG_WARN__DUPLICATE_METHOD_MATCH = YES;
				COPY_PHASE_STRIP = NO;
				DEBUG_INFORMATION_FORMAT = dwarf;
				ENABLE_STRICT_OBJC_MSGSEND = YES;
				ENABLE_TESTABILITY = YES;
				GCC_C_LANGUAGE_STANDARD = gnu11;
				GCC_DYNAMIC_NO_PIC = NO;
				GCC_NO_COMMON_BLOCKS = YES;
				GCC_OPTIMIZATION_LEVEL = 0;
				GCC_PREPROCESSOR_DEFINITIONS = (
					"DEBUG=1",
					"$(inherited)",
				);
				GCC_WARN_64_TO_32_BIT_CONVERSION = YES;
				GCC_WARN_ABOUT_RETURN_TYPE = YES_ERROR;
				GCC_WARN_UNDECLARED_SELECTOR = YES;
				GCC_WARN_UNINITIALIZED_AUTOS = YES_AGGRESSIVE;
				GCC_WARN_UNUSED_FUNCTION = YES;
				GCC_WARN_UNUSED_VARIABLE = YES;
				IPHONEOS_DEPLOYMENT_TARGET = 13.5;
				MTL_ENABLE_DEBUG_INFO = INCLUDE_SOURCE;
				MTL_FAST_MATH = YES;
				ONLY_ACTIVE_ARCH = YES;
				SDKROOT = iphoneos;
			};
			name = Debug;
		};
		8D2CE88424B3D778000400EE /* Release */ = {
			isa = XCBuildConfiguration;
			buildSettings = {
				ALWAYS_SEARCH_USER_PATHS = NO;
				CLANG_ANALYZER_NONNULL = YES;
				CLANG_ANALYZER_NUMBER_OBJECT_CONVERSION = YES_AGGRESSIVE;
				CLANG_CXX_LANGUAGE_STANDARD = "gnu++14";
				CLANG_CXX_LIBRARY = "libc++";
				CLANG_ENABLE_MODULES = YES;
				CLANG_ENABLE_OBJC_ARC = YES;
				CLANG_ENABLE_OBJC_WEAK = YES;
				CLANG_WARN_BLOCK_CAPTURE_AUTORELEASING = YES;
				CLANG_WARN_BOOL_CONVERSION = YES;
				CLANG_WARN_COMMA = YES;
				CLANG_WARN_CONSTANT_CONVERSION = YES;
				CLANG_WARN_DEPRECATED_OBJC_IMPLEMENTATIONS = YES;
				CLANG_WARN_DIRECT_OBJC_ISA_USAGE = YES_ERROR;
				CLANG_WARN_DOCUMENTATION_COMMENTS = YES;
				CLANG_WARN_EMPTY_BODY = YES;
				CLANG_WARN_ENUM_CONVERSION = YES;
				CLANG_WARN_INFINITE_RECURSION = YES;
				CLANG_WARN_INT_CONVERSION = YES;
				CLANG_WARN_NON_LITERAL_NULL_CONVERSION = YES;
				CLANG_WARN_OBJC_IMPLICIT_RETAIN_SELF = YES;
				CLANG_WARN_OBJC_LITERAL_CONVERSION = YES;
				CLANG_WARN_OBJC_ROOT_CLASS = YES_ERROR;
				CLANG_WARN_RANGE_LOOP_ANALYSIS = YES;
				CLANG_WARN_STRICT_PROTOTYPES = YES;
				CLANG_WARN_SUSPICIOUS_MOVE = YES;
				CLANG_WARN_UNGUARDED_AVAILABILITY = YES_AGGRESSIVE;
				CLANG_WARN_UNREACHABLE_CODE = YES;
				CLANG_WARN__DUPLICATE_METHOD_MATCH = YES;
				COPY_PHASE_STRIP = NO;
				DEBUG_INFORMATION_FORMAT = "dwarf-with-dsym";
				ENABLE_NS_ASSERTIONS = NO;
				ENABLE_STRICT_OBJC_MSGSEND = YES;
				GCC_C_LANGUAGE_STANDARD = gnu11;
				GCC_NO_COMMON_BLOCKS = YES;
				GCC_WARN_64_TO_32_BIT_CONVERSION = YES;
				GCC_WARN_ABOUT_RETURN_TYPE = YES_ERROR;
				GCC_WARN_UNDECLARED_SELECTOR = YES;
				GCC_WARN_UNINITIALIZED_AUTOS = YES_AGGRESSIVE;
				GCC_WARN_UNUSED_FUNCTION = YES;
				GCC_WARN_UNUSED_VARIABLE = YES;
				IPHONEOS_DEPLOYMENT_TARGET = 13.5;
				MTL_ENABLE_DEBUG_INFO = NO;
				MTL_FAST_MATH = YES;
				SDKROOT = iphoneos;
				VALIDATE_PRODUCT = YES;
			};
			name = Release;
		};
		8D2CE88624B3D778000400EE /* Debug */ = {
			isa = XCBuildConfiguration;
			baseConfigurationReference = BEE25DE4694EA19D2457ED84 /* Pods-Instagram.debug.xcconfig */;
			buildSettings = {
				ASSETCATALOG_COMPILER_APPICON_NAME = AppIcon;
				CODE_SIGN_STYLE = Automatic;
				DEVELOPMENT_TEAM = R462SWBSJD;
				INFOPLIST_FILE = Instagram/Info.plist;
				LD_RUNPATH_SEARCH_PATHS = (
					"$(inherited)",
					"@executable_path/Frameworks",
				);
				PRODUCT_BUNDLE_IDENTIFIER = com.ssantoyo.Instagram;
				PRODUCT_NAME = "$(TARGET_NAME)";
				TARGETED_DEVICE_FAMILY = "1,2";
			};
			name = Debug;
		};
		8D2CE88724B3D778000400EE /* Release */ = {
			isa = XCBuildConfiguration;
			baseConfigurationReference = A6AFEB3ACA9626FCD6F9ADA2 /* Pods-Instagram.release.xcconfig */;
			buildSettings = {
				ASSETCATALOG_COMPILER_APPICON_NAME = AppIcon;
				CODE_SIGN_STYLE = Automatic;
				DEVELOPMENT_TEAM = R462SWBSJD;
				INFOPLIST_FILE = Instagram/Info.plist;
				LD_RUNPATH_SEARCH_PATHS = (
					"$(inherited)",
					"@executable_path/Frameworks",
				);
				PRODUCT_BUNDLE_IDENTIFIER = com.ssantoyo.Instagram;
				PRODUCT_NAME = "$(TARGET_NAME)";
				TARGETED_DEVICE_FAMILY = "1,2";
			};
			name = Release;
		};
		8D2CE88924B3D778000400EE /* Debug */ = {
			isa = XCBuildConfiguration;
			baseConfigurationReference = 477A80E59269EAA115ED8557 /* Pods-InstagramTests.debug.xcconfig */;
			buildSettings = {
				BUNDLE_LOADER = "$(TEST_HOST)";
				CODE_SIGN_STYLE = Automatic;
				DEVELOPMENT_TEAM = R462SWBSJD;
				INFOPLIST_FILE = InstagramTests/Info.plist;
				IPHONEOS_DEPLOYMENT_TARGET = 13.5;
				LD_RUNPATH_SEARCH_PATHS = (
					"$(inherited)",
					"@executable_path/Frameworks",
					"@loader_path/Frameworks",
				);
				PRODUCT_BUNDLE_IDENTIFIER = com.ssantoyo.InstagramTests;
				PRODUCT_NAME = "$(TARGET_NAME)";
				TARGETED_DEVICE_FAMILY = "1,2";
				TEST_HOST = "$(BUILT_PRODUCTS_DIR)/Instagram.app/Instagram";
			};
			name = Debug;
		};
		8D2CE88A24B3D778000400EE /* Release */ = {
			isa = XCBuildConfiguration;
			baseConfigurationReference = E629C75BAB804FA94319BB3E /* Pods-InstagramTests.release.xcconfig */;
			buildSettings = {
				BUNDLE_LOADER = "$(TEST_HOST)";
				CODE_SIGN_STYLE = Automatic;
				DEVELOPMENT_TEAM = R462SWBSJD;
				INFOPLIST_FILE = InstagramTests/Info.plist;
				IPHONEOS_DEPLOYMENT_TARGET = 13.5;
				LD_RUNPATH_SEARCH_PATHS = (
					"$(inherited)",
					"@executable_path/Frameworks",
					"@loader_path/Frameworks",
				);
				PRODUCT_BUNDLE_IDENTIFIER = com.ssantoyo.InstagramTests;
				PRODUCT_NAME = "$(TARGET_NAME)";
				TARGETED_DEVICE_FAMILY = "1,2";
				TEST_HOST = "$(BUILT_PRODUCTS_DIR)/Instagram.app/Instagram";
			};
			name = Release;
		};
		8D2CE88C24B3D778000400EE /* Debug */ = {
			isa = XCBuildConfiguration;
			baseConfigurationReference = 6FCAF22A6EAEB3ECEF14AD88 /* Pods-Instagram-InstagramUITests.debug.xcconfig */;
			buildSettings = {
				CODE_SIGN_STYLE = Automatic;
				DEVELOPMENT_TEAM = R462SWBSJD;
				INFOPLIST_FILE = InstagramUITests/Info.plist;
				LD_RUNPATH_SEARCH_PATHS = (
					"$(inherited)",
					"@executable_path/Frameworks",
					"@loader_path/Frameworks",
				);
				PRODUCT_BUNDLE_IDENTIFIER = com.ssantoyo.InstagramUITests;
				PRODUCT_NAME = "$(TARGET_NAME)";
				TARGETED_DEVICE_FAMILY = "1,2";
				TEST_TARGET_NAME = Instagram;
			};
			name = Debug;
		};
		8D2CE88D24B3D778000400EE /* Release */ = {
			isa = XCBuildConfiguration;
			baseConfigurationReference = 23E0368AC06BB6D87D3A7699 /* Pods-Instagram-InstagramUITests.release.xcconfig */;
			buildSettings = {
				CODE_SIGN_STYLE = Automatic;
				DEVELOPMENT_TEAM = R462SWBSJD;
				INFOPLIST_FILE = InstagramUITests/Info.plist;
				LD_RUNPATH_SEARCH_PATHS = (
					"$(inherited)",
					"@executable_path/Frameworks",
					"@loader_path/Frameworks",
				);
				PRODUCT_BUNDLE_IDENTIFIER = com.ssantoyo.InstagramUITests;
				PRODUCT_NAME = "$(TARGET_NAME)";
				TARGETED_DEVICE_FAMILY = "1,2";
				TEST_TARGET_NAME = Instagram;
			};
			name = Release;
		};
/* End XCBuildConfiguration section */

/* Begin XCConfigurationList section */
		8D2CE85124B3D778000400EE /* Build configuration list for PBXProject "Instagram" */ = {
			isa = XCConfigurationList;
			buildConfigurations = (
				8D2CE88324B3D778000400EE /* Debug */,
				8D2CE88424B3D778000400EE /* Release */,
			);
			defaultConfigurationIsVisible = 0;
			defaultConfigurationName = Release;
		};
		8D2CE88524B3D778000400EE /* Build configuration list for PBXNativeTarget "Instagram" */ = {
			isa = XCConfigurationList;
			buildConfigurations = (
				8D2CE88624B3D778000400EE /* Debug */,
				8D2CE88724B3D778000400EE /* Release */,
			);
			defaultConfigurationIsVisible = 0;
			defaultConfigurationName = Release;
		};
		8D2CE88824B3D778000400EE /* Build configuration list for PBXNativeTarget "InstagramTests" */ = {
			isa = XCConfigurationList;
			buildConfigurations = (
				8D2CE88924B3D778000400EE /* Debug */,
				8D2CE88A24B3D778000400EE /* Release */,
			);
			defaultConfigurationIsVisible = 0;
			defaultConfigurationName = Release;
		};
		8D2CE88B24B3D778000400EE /* Build configuration list for PBXNativeTarget "InstagramUITests" */ = {
			isa = XCConfigurationList;
			buildConfigurations = (
				8D2CE88C24B3D778000400EE /* Debug */,
				8D2CE88D24B3D778000400EE /* Release */,
			);
			defaultConfigurationIsVisible = 0;
			defaultConfigurationName = Release;
		};
/* End XCConfigurationList section */
	};
	rootObject = 8D2CE84E24B3D778000400EE /* Project object */;
}
